{
  "name": "imap-server-ts",
  "version": "0.1.0",
  "lockfileVersion": 1,
  "requires": true,
  "dependencies": {
    "@types/amqplib": {
      "version": "0.5.11",
      "resolved": "https://registry.npmjs.org/@types/amqplib/-/amqplib-0.5.11.tgz",
      "integrity": "sha512-SGOfzsqrjIGmlftR1agR7B4UDCOeAjKksdoLyfPYSVj64zkUM+K1zJZ3m4nQlhpFcCaTOaZybUHXpufbb8vNsg==",
      "dev": true,
      "requires": {
        "@types/bluebird": "*",
        "@types/node": "*"
      }
    },
    "@types/bluebird": {
      "version": "3.5.26",
      "resolved": "https://registry.npmjs.org/@types/bluebird/-/bluebird-3.5.26.tgz",
      "integrity": "sha512-aj2mrBLn5ky0GmAg6IPXrQjnN0iB/ulozuJ+oZdrHRAzRbXjGmu4UXsNCjFvPbSaaPZmniocdOzsM392qLOlmQ==",
      "dev": true
    },
    "@types/node": {
      "version": "11.11.3",
      "resolved": "https://registry.npmjs.org/@types/node/-/node-11.11.3.tgz",
      "integrity": "sha512-wp6IOGu1lxsfnrD+5mX6qwSwWuqsdkKKxTN4aQc4wByHAKZJf9/D4KXPQ1POUjEbnCP5LMggB0OEFNY9OTsMqg==",
      "dev": true
    },
    "amqplib": {
      "version": "0.5.3",
      "resolved": "https://registry.npmjs.org/amqplib/-/amqplib-0.5.3.tgz",
      "integrity": "sha512-ZOdUhMxcF+u62rPI+hMtU1NBXSDFQ3eCJJrenamtdQ7YYwh7RZJHOIM1gonVbZ5PyVdYH4xqBPje9OYqk7fnqw==",
      "requires": {
        "bitsyntax": "~0.1.0",
        "bluebird": "^3.5.2",
        "buffer-more-ints": "~1.0.0",
        "readable-stream": "1.x >=1.1.9",
        "safe-buffer": "~5.1.2",
        "url-parse": "~1.4.3"
      }
    },
    "bitsyntax": {
      "version": "0.1.0",
      "resolved": "https://registry.npmjs.org/bitsyntax/-/bitsyntax-0.1.0.tgz",
      "integrity": "sha512-ikAdCnrloKmFOugAfxWws89/fPc+nw0OOG1IzIE72uSOg/A3cYptKCjSUhDTuj7fhsJtzkzlv7l3b8PzRHLN0Q==",
      "requires": {
        "buffer-more-ints": "~1.0.0",
        "debug": "~2.6.9",
        "safe-buffer": "~5.1.2"
      }
    },
    "bluebird": {
      "version": "3.5.3",
      "resolved": "https://registry.npmjs.org/bluebird/-/bluebird-3.5.3.tgz",
      "integrity": "sha512-/qKPUQlaW1OyR51WeCPBvRnAlnZFUJkCSG5HzGnuIqhgyJtF+T94lFnn33eiazjRm2LAHVy2guNnaq48X9SJuw=="
    },
    "buffer-more-ints": {
      "version": "1.0.0",
      "resolved": "https://registry.npmjs.org/buffer-more-ints/-/buffer-more-ints-1.0.0.tgz",
      "integrity": "sha512-EMetuGFz5SLsT0QTnXzINh4Ksr+oo4i+UGTXEshiGCQWnsgSs7ZhJ8fzlwQ+OzEMs0MpDAMr1hxnblp5a4vcHg=="
    },
    "core-util-is": {
      "version": "1.0.2",
      "resolved": "https://registry.npmjs.org/core-util-is/-/core-util-is-1.0.2.tgz",
      "integrity": "sha1-tf1UIgqivFq1eqtxQMlAdUUDwac="
    },
    "debug": {
      "version": "2.6.9",
      "resolved": "https://registry.npmjs.org/debug/-/debug-2.6.9.tgz",
      "integrity": "sha512-bC7ElrdJaJnPbAP+1EotYvqZsb3ecl5wi6Bfi6BJTUcNowp6cvspg0jXznRTKDjm/E7AdgFBVeAPVMNcKGsHMA==",
      "requires": {
        "ms": "2.0.0"
      }
    },
    "emailjs-addressparser": {
      "version": "2.0.2",
      "resolved": "https://registry.npmjs.org/emailjs-addressparser/-/emailjs-addressparser-2.0.2.tgz",
      "integrity": "sha512-E6ztFf1ePtZEwqfN3aWsvZNcpBeDqgJbVL4D32dckHkcwdhJ1bhlE4MLvHBf/IoXQmJBgkKlwGP5/5l11EE5OQ==",
      "dev": true
    },
    "emailjs-base64": {
      "version": "1.1.4",
      "resolved": "https://registry.npmjs.org/emailjs-base64/-/emailjs-base64-1.1.4.tgz",
      "integrity": "sha512-4h0xp1jgVTnIQBHxSJWXWanNnmuc5o+k4aHEpcLXSToN8asjB5qbXAexs7+PEsUKcEyBteNYsSvXUndYT2CGGA==",
      "dev": true
    },
    "emailjs-imap-client": {
      "version": "3.0.7",
      "resolved": "https://registry.npmjs.org/emailjs-imap-client/-/emailjs-imap-client-3.0.7.tgz",
      "integrity": "sha512-iBgoo+l/Dt86qFfaKlvlvNBAL4cKywvuNXzsu0RWK9eozETE3Okfhm3wDX9KPpdViM4uBE/roaM2PfibrtlQtA==",
      "dev": true,
      "requires": {
        "emailjs-addressparser": "^2.0.2",
        "emailjs-base64": "^1.1.2",
        "emailjs-imap-handler": "^3.0.2",
        "emailjs-mime-codec": "^2.0.7",
        "emailjs-tcp-socket": "^2.0.0",
        "emailjs-utf7": "^4.0.1",
        "pako": "^1.0.6",
        "ramda": "^0.25.0"
      }
    },
    "emailjs-imap-handler": {
      "version": "3.0.2",
      "resolved": "https://registry.npmjs.org/emailjs-imap-handler/-/emailjs-imap-handler-3.0.2.tgz",
      "integrity": "sha512-hngAGSBVyWYjX8iEWv7rB5xvxR4h+7FCU4HUATTvqE9ALOaeEQ+j9ul9qwR9voR7EUJDzkafu3FFa72A0gnJpg==",
      "dev": true,
      "requires": {
        "ramda": "^0.25.0"
      }
    },
    "emailjs-mime-codec": {
      "version": "2.0.8",
      "resolved": "https://registry.npmjs.org/emailjs-mime-codec/-/emailjs-mime-codec-2.0.8.tgz",
      "integrity": "sha512-Upnk1zSj6wVrKRBdfc0di2eyjyTOatTs8QlZZlBedfGBWalZ6IlEaPbmoCL5Qt4VVTwLp7buYcw0+pu9sB744g==",
      "dev": true,
      "requires": {
        "emailjs-base64": "^1.1.4",
        "ramda": "^0.25.0",
        "text-encoding": "^0.6.4"
      }
    },
    "emailjs-tcp-socket": {
      "version": "2.0.2",
      "resolved": "https://registry.npmjs.org/emailjs-tcp-socket/-/emailjs-tcp-socket-2.0.2.tgz",
      "integrity": "sha512-ro2G1WS7UQwFNpjrWRK6awjsBjG00Y4AxSEvuG1YUORzIqnzdOUVmaHnptZ8UFDPYglsu8O4nm6+luflmTy3Qg==",
      "dev": true,
      "requires": {
        "node-forge": "^0.7.5",
        "ramda": "^0.25.0"
      }
    },
    "emailjs-utf7": {
      "version": "4.0.1",
      "resolved": "https://registry.npmjs.org/emailjs-utf7/-/emailjs-utf7-4.0.1.tgz",
      "integrity": "sha512-bvBpXUEr3alogZjqwVasCKSjfzxleQ1TeO9NBtG4FvS2nfQDvzSW2gqEU0VcZJ6hD/xGl5j0kZiGegPHvgVyww==",
      "dev": true,
      "requires": {
        "emailjs-base64": "^1.1.2"
      }
    },
    "inherits": {
      "version": "2.0.3",
      "resolved": "https://registry.npmjs.org/inherits/-/inherits-2.0.3.tgz",
      "integrity": "sha1-Yzwsg+PaQqUC9SRmAiSA9CCCYd4="
    },
    "isarray": {
      "version": "0.0.1",
      "resolved": "https://registry.npmjs.org/isarray/-/isarray-0.0.1.tgz",
      "integrity": "sha1-ihis/Kmo9Bd+Cav8YDiTmwXR7t8="
    },
    "ms": {
      "version": "2.0.0",
      "resolved": "https://registry.npmjs.org/ms/-/ms-2.0.0.tgz",
      "integrity": "sha1-VgiurfwAvmwpAd9fmGF4jeDVl8g="
    },
    "node-forge": {
      "version": "0.7.6",
      "resolved": "https://registry.npmjs.org/node-forge/-/node-forge-0.7.6.tgz",
      "integrity": "sha512-sol30LUpz1jQFBjOKwbjxijiE3b6pjd74YwfD0fJOKPjF+fONKb2Yg8rYgS6+bK6VDl+/wfr4IYpC7jDzLUIfw==",
      "dev": true
    },
    "pako": {
      "version": "1.0.10",
      "resolved": "https://registry.npmjs.org/pako/-/pako-1.0.10.tgz",
      "integrity": "sha512-0DTvPVU3ed8+HNXOu5Bs+o//Mbdj9VNQMUOe9oKCwh8l0GNwpTDMKCWbRjgtD291AWnkAgkqA/LOnQS8AmS1tw==",
      "dev": true
    },
    "querystringify": {
      "version": "2.1.0",
      "resolved": "https://registry.npmjs.org/querystringify/-/querystringify-2.1.0.tgz",
      "integrity": "sha512-sluvZZ1YiTLD5jsqZcDmFyV2EwToyXZBfpoVOmktMmW+VEnhgakFHnasVph65fOjGPTWN0Nw3+XQaSeMayr0kg=="
    },
    "ramda": {
      "version": "0.25.0",
      "resolved": "https://registry.npmjs.org/ramda/-/ramda-0.25.0.tgz",
      "integrity": "sha512-GXpfrYVPwx3K7RQ6aYT8KPS8XViSXUVJT1ONhoKPE9VAleW42YE+U+8VEyGWt41EnEQW7gwecYJriTI0pKoecQ==",
      "dev": true
    },
    "readable-stream": {
      "version": "1.1.14",
      "resolved": "https://registry.npmjs.org/readable-stream/-/readable-stream-1.1.14.tgz",
      "integrity": "sha1-fPTFTvZI44EwhMY23SB54WbAgdk=",
      "requires": {
        "core-util-is": "~1.0.0",
        "inherits": "~2.0.1",
        "isarray": "0.0.1",
        "string_decoder": "~0.10.x"
      }
    },
    "requires-port": {
      "version": "1.0.0",
      "resolved": "https://registry.npmjs.org/requires-port/-/requires-port-1.0.0.tgz",
      "integrity": "sha1-kl0mAdOaxIXgkc8NpcbmlNw9yv8="
    },
    "safe-buffer": {
      "version": "5.1.2",
      "resolved": "https://registry.npmjs.org/safe-buffer/-/safe-buffer-5.1.2.tgz",
      "integrity": "sha512-Gd2UZBJDkXlY7GbJxfsE8/nvKkUEU1G38c1siN6QP6a9PT9MmHB8GnpscSmMJSoF8LOIrt8ud/wPtojys4G6+g=="
    },
    "string_decoder": {
      "version": "0.10.31",
      "resolved": "https://registry.npmjs.org/string_decoder/-/string_decoder-0.10.31.tgz",
      "integrity": "sha1-YuIDvEF2bGwoyfyEMB2rHFMQ+pQ="
    },
    "text-encoding": {
      "version": "0.6.4",
      "resolved": "https://registry.npmjs.org/text-encoding/-/text-encoding-0.6.4.tgz",
      "integrity": "sha1-45mpgiV6J22uQou5KEXLcb3CbRk=",
      "dev": true
    },
    "url-parse": {
      "version": "1.4.4",
      "resolved": "https://registry.npmjs.org/url-parse/-/url-parse-1.4.4.tgz",
      "integrity": "sha512-/92DTTorg4JjktLNLe6GPS2/RvAd/RGr6LuktmWSMLEOa6rjnlrFXNgSbSmkNvCoL2T028A0a1JaJLzRMlFoHg==",
      "requires": {
        "querystringify": "^2.0.0",
        "requires-port": "^1.0.0"
      }
    },
    "uuid": {
      "version": "3.3.2",
      "resolved": "https://registry.npmjs.org/uuid/-/uuid-3.3.2.tgz",
      "integrity": "sha512-yXJmeNaw3DnnKAOKJE51sL/ZaYfWJRl1pK9dr19YFCu0ObS231AB1/LbqTKRAQ5kw8A90rA6fr4riOUpTZvQZA=="
    },
    "wildboar-microservices-ts": {
      "version": "0.1.3",
      "resolved": "https://registry.npmjs.org/wildboar-microservices-ts/-/wildboar-microservices-ts-0.1.3.tgz",
      "integrity": "sha512-VdKtYlV5qf/Yf7mDndi4GbNqMiMeR1MMr0fCPFQiMslOcSALclUU357t4Sy5qNGlTp3A94TjpnMKU2CNUift5Q==",
      "requires": {
        "uuid": "^3.3.2"
      }
    }
  }
}
